# This file is automatically @generated by Cargo.
# It is not intended for manual editing.
version = 4

[[package]]
name = "obfusku-cli"
version = "1.0.0"
dependencies = [
 "obfusku-core",
 "obfusku-diagnostics",
 "obfusku-fmt",
 "obfusku-runtime",
 "obfusku-syntax",
 "obfusku-typecheck",
]

[[package]]
name = "obfusku-core"
version = "1.0.0"
dependencies = [
 "obfusku-diagnostics",
]

[[package]]
name = "obfusku-diagnostics"
version = "1.0.0"

[[package]]
name = "obfusku-fmt"
version = "1.0.0"
dependencies = [
 "obfusku-cli",
 "obfusku-diagnostics",
 "obfusku-runtime",
 "obfusku-syntax",
]

[[package]]
name = "obfusku-runtime"
version = "1.0.0"
dependencies = [
 "obfusku-core",
 "obfusku-diagnostics",
]

[[package]]
name = "obfusku-syntax"
version = "1.0.0"
dependencies = [
 "obfusku-core",
 "obfusku-diagnostics",
 "unicode-normalization",
]

[[package]]
name = "obfusku-typecheck"
version = "1.0.0"
dependencies = [
 "obfusku-core",
 "obfusku-diagnostics",
]

[[package]]
name = "tinyvec"
version = "1.13.2"
source = "registry+https://github.com/rust-lang/crates.io-index"
checksum = "4cf0ded5c4e56918d8f8a339e1bb67d038d3bc6d144ac407904015ba2e4cde9b"
dependencies = [
 "tinyvec_macros",
]

[[package]]
name = "tinyvec_macros"
version = "0.1.1"
source = "registry+https://github.com/rust-lang/crates.io-index"
checksum = "1f3ccbac311fea05f86f61904b462b55fb3df8837a366dfc601a0161d0532f20"

[[package]]
name = "unicode-normalization"
version = "0.1.25"
source = "registry+https://github.com/rust-lang/crates.io-index"
checksum = "5fd4f6878c9cb28d874b009da9e8d183b5abc80117c40bbd187a1fde336be6e8"
dependencies = [
 "tinyvec",
]
